{
    "_meta": {
        "hash": {
            "sha256": "8468735405ae7dc05f0986ca4ae68fa52f9d0f2677562a12aeae5633c39836c9"
        },
        "pipfile-spec": 6,
        "requires": {
            "python_version": "3.10.8"
        },
        "sources": [
            {
                "name": "pypi",
                "url": "https://pypi.org/simple",
                "verify_ssl": true
            }
        ]
    },
    "default": {},
    "develop": {}
}
